
Microsoft Visual Studio Solution File, Format Version 11.00
# Visual Studio 2010
Project("{FAE04EC0-301F-11D3-BF4B-00C04F79EFBC}") = "Homework 4", "Homework7.csproj", "{01183F32-2CA8-4357-AA42-7AB0E84C8B6F}"
EndProject
Global
	GlobalSection(SolutionConfigurationPlatforms) = preSolution
		Debug|Any CPU = Debug|Any CPU
		Release|Any CPU = Release|Any CPU
	EndGlobalSection
	GlobalSection(ProjectConfigurationPlatforms) = postSolution
		{01183F32-2CA8-4357-AA42-7AB0E84C8B6F}.Debug|Any CPU.ActiveCfg = Debug|Any CPU
		{01183F32-2CA8-4357-AA42-7AB0E84C8B6F}.Debug|Any CPU.Build.0 = Debug|Any CPU
		{01183F32-2CA8-4357-AA42-7AB0E84C8B6F}.Release|Any CPU.ActiveCfg = Release|Any CPU
		{01183F32-2CA8-4357-AA42-7AB0E84C8B6F}.Release|Any CPU.Build.0 = Release|Any CPU
	EndGlobalSection
	GlobalSection(SolutionProperties) = preSolution
		HideSolutionNode = FALSE
	EndGlobalSection
EndGlobal
